// !$*UTF8*$!
{
	archiveVersion = 1;
	classes = {
	};
	objectVersion = 56;
	objects = {

/* Begin PBXBuildFile section */
		F7C7783A2C2B8DF500BABA6E /* Inventory2App.swift in Sources */ = {isa = PBXBuildFile; fileRef = F7C778392C2B8DF500BABA6E /* Inventory2App.swift */; };
		F7C7783E2C2B8DF700BABA6E /* Assets.xcassets in Resources */ = {isa = PBXBuildFile; fileRef = F7C7783D2C2B8DF700BABA6E /* Assets.xcassets */; };
		F7C778422C2B8DF700BABA6E /* Preview Assets.xcassets in Resources */ = {isa = PBXBuildFile; fileRef = F7C778412C2B8DF700BABA6E /* Preview Assets.xcassets */; };
		F7C7784C2C2B8DF700BABA6E /* Inventory2Tests.swift in Sources */ = {isa = PBXBuildFile; fileRef = F7C7784B2C2B8DF700BABA6E /* Inventory2Tests.swift */; };
		F7C778562C2B8DF700BABA6E /* Inventory2UITests.swift in Sources */ = {isa = PBXBuildFile; fileRef = F7C778552C2B8DF700BABA6E /* Inventory2UITests.swift */; };
		F7C778582C2B8DF700BABA6E /* Inventory2UITestsLaunchTests.swift in Sources */ = {isa = PBXBuildFile; fileRef = F7C778572C2B8DF700BABA6E /* Inventory2UITestsLaunchTests.swift */; };
		F7C778852C2C87E700BABA6E /* MainView.swift in Sources */ = {isa = PBXBuildFile; fileRef = F7C778842C2C87E700BABA6E /* MainView.swift */; };
		F7C778872C2C87FC00BABA6E /* ProfileDetailView.swift in Sources */ = {isa = PBXBuildFile; fileRef = F7C778862C2C87FC00BABA6E /* ProfileDetailView.swift */; };
		F7C778892C2C881300BABA6E /* CategoryView.swift in Sources */ = {isa = PBXBuildFile; fileRef = F7C778882C2C881300BABA6E /* CategoryView.swift */; };
		F7C7788B2C2C882600BABA6E /* ItemDetailView.swift in Sources */ = {isa = PBXBuildFile; fileRef = F7C7788A2C2C882600BABA6E /* ItemDetailView.swift */; };
		F7C7788D2C2C884D00BABA6E /* AddProfileView.swift in Sources */ = {isa = PBXBuildFile; fileRef = F7C7788C2C2C884D00BABA6E /* AddProfileView.swift */; };
		F7C7788F2C2C885E00BABA6E /* AddCategoryView.swift in Sources */ = {isa = PBXBuildFile; fileRef = F7C7788E2C2C885E00BABA6E /* AddCategoryView.swift */; };
		F7C778912C2C887300BABA6E /* AddItemView.swift in Sources */ = {isa = PBXBuildFile; fileRef = F7C778902C2C887300BABA6E /* AddItemView.swift */; };
		F7C778932C2C888700BABA6E /* EditProfileView.swift in Sources */ = {isa = PBXBuildFile; fileRef = F7C778922C2C888700BABA6E /* EditProfileView.swift */; };
		F7C778952C2C889C00BABA6E /* EditCategoryView.swift in Sources */ = {isa = PBXBuildFile; fileRef = F7C778942C2C889C00BABA6E /* EditCategoryView.swift */; };
		F7C778972C2C88F400BABA6E /* EditItemView.swift in Sources */ = {isa = PBXBuildFile; fileRef = F7C778962C2C88F400BABA6E /* EditItemView.swift */; };
		F7C778992C2C8D0C00BABA6E /* AllItemsView.swift in Sources */ = {isa = PBXBuildFile; fileRef = F7C778982C2C8D0C00BABA6E /* AllItemsView.swift */; };
		F7C7789B2C2C8D1E00BABA6E /* ShoppingListView.swift in Sources */ = {isa = PBXBuildFile; fileRef = F7C7789A2C2C8D1E00BABA6E /* ShoppingListView.swift */; };
		F7C7789D2C2C8D9500BABA6E /* CheckBoxView.swift in Sources */ = {isa = PBXBuildFile; fileRef = F7C7789C2C2C8D9500BABA6E /* CheckBoxView.swift */; };
		F7C7789F2C2C8F5D00BABA6E /* Models.swift in Sources */ = {isa = PBXBuildFile; fileRef = F7C7789E2C2C8F5D00BABA6E /* Models.swift */; };
		F7C778A12C2C8F7800BABA6E /* ImagePicker.swift in Sources */ = {isa = PBXBuildFile; fileRef = F7C778A02C2C8F7800BABA6E /* ImagePicker.swift */; };
/* End PBXBuildFile section */

/* Begin PBXContainerItemProxy section */
		F7C778482C2B8DF700BABA6E /* PBXContainerItemProxy */ = {
			isa = PBXContainerItemProxy;
			containerPortal = F7C7782E2C2B8DF500BABA6E /* Project object */;
			proxyType = 1;
			remoteGlobalIDString = F7C778352C2B8DF500BABA6E;
			remoteInfo = Inventory2;
		};
		F7C778522C2B8DF700BABA6E /* PBXContainerItemProxy */ = {
			isa = PBXContainerItemProxy;
			containerPortal = F7C7782E2C2B8DF500BABA6E /* Project object */;
			proxyType = 1;
			remoteGlobalIDString = F7C778352C2B8DF500BABA6E;
			remoteInfo = Inventory2;
		};
/* End PBXContainerItemProxy section */

/* Begin PBXFileReference section */
		F7C778362C2B8DF500BABA6E /* Inventory2.app */ = {isa = PBXFileReference; explicitFileType = wrapper.application; includeInIndex = 0; path = Inventory2.app; sourceTree = BUILT_PRODUCTS_DIR; };
		F7C778392C2B8DF500BABA6E /* Inventory2App.swift */ = {isa = PBXFileReference; lastKnownFileType = sourcecode.swift; path = Inventory2App.swift; sourceTree = "<group>"; };
		F7C7783D2C2B8DF700BABA6E /* Assets.xcassets */ = {isa = PBXFileReference; lastKnownFileType = folder.assetcatalog; path = Assets.xcassets; sourceTree = "<group>"; };
		F7C7783F2C2B8DF700BABA6E /* Inventory2.entitlements */ = {isa = PBXFileReference; lastKnownFileType = text.plist.entitlements; path = Inventory2.entitlements; sourceTree = "<group>"; };
		F7C778412C2B8DF700BABA6E /* Preview Assets.xcassets */ = {isa = PBXFileReference; lastKnownFileType = folder.assetcatalog; path = "Preview Assets.xcassets"; sourceTree = "<group>"; };
		F7C778472C2B8DF700BABA6E /* Inventory2Tests.xctest */ = {isa = PBXFileReference; explicitFileType = wrapper.cfbundle; includeInIndex = 0; path = Inventory2Tests.xctest; sourceTree = BUILT_PRODUCTS_DIR; };
		F7C7784B2C2B8DF700BABA6E /* Inventory2Tests.swift */ = {isa = PBXFileReference; lastKnownFileType = sourcecode.swift; path = Inventory2Tests.swift; sourceTree = "<group>"; };
		F7C778512C2B8DF700BABA6E /* Inventory2UITests.xctest */ = {isa = PBXFileReference; explicitFileType = wrapper.cfbundle; includeInIndex = 0; path = Inventory2UITests.xctest; sourceTree = BUILT_PRODUCTS_DIR; };
		F7C778552C2B8DF700BABA6E /* Inventory2UITests.swift */ = {isa = PBXFileReference; lastKnownFileType = sourcecode.swift; path = Inventory2UITests.swift; sourceTree = "<group>"; };
		F7C778572C2B8DF700BABA6E /* Inventory2UITestsLaunchTests.swift */ = {isa = PBXFileReference; lastKnownFileType = sourcecode.swift; path = Inventory2UITestsLaunchTests.swift; sourceTree = "<group>"; };
		F7C778842C2C87E700BABA6E /* MainView.swift */ = {isa = PBXFileReference; lastKnownFileType = sourcecode.swift; path = MainView.swift; sourceTree = "<group>"; };
		F7C778862C2C87FC00BABA6E /* ProfileDetailView.swift */ = {isa = PBXFileReference; lastKnownFileType = sourcecode.swift; path = ProfileDetailView.swift; sourceTree = "<group>"; };
		F7C778882C2C881300BABA6E /* CategoryView.swift */ = {isa = PBXFileReference; lastKnownFileType = sourcecode.swift; path = CategoryView.swift; sourceTree = "<group>"; };
		F7C7788A2C2C882600BABA6E /* ItemDetailView.swift */ = {isa = PBXFileReference; lastKnownFileType = sourcecode.swift; path = ItemDetailView.swift; sourceTree = "<group>"; };
		F7C7788C2C2C884D00BABA6E /* AddProfileView.swift */ = {isa = PBXFileReference; lastKnownFileType = sourcecode.swift; path = AddProfileView.swift; sourceTree = "<group>"; };
		F7C7788E2C2C885E00BABA6E /* AddCategoryView.swift */ = {isa = PBXFileReference; lastKnownFileType = sourcecode.swift; path = AddCategoryView.swift; sourceTree = "<group>"; };
		F7C778902C2C887300BABA6E /* AddItemView.swift */ = {isa = PBXFileReference; lastKnownFileType = sourcecode.swift; path = AddItemView.swift; sourceTree = "<group>"; };
		F7C778922C2C888700BABA6E /* EditProfileView.swift */ = {isa = PBXFileReference; lastKnownFileType = sourcecode.swift; path = EditProfileView.swift; sourceTree = "<group>"; };
		F7C778942C2C889C00BABA6E /* EditCategoryView.swift */ = {isa = PBXFileReference; lastKnownFileType = sourcecode.swift; path = EditCategoryView.swift; sourceTree = "<group>"; };
		F7C778962C2C88F400BABA6E /* EditItemView.swift */ = {isa = PBXFileReference; lastKnownFileType = sourcecode.swift; path = EditItemView.swift; sourceTree = "<group>"; };
		F7C778982C2C8D0C00BABA6E /* AllItemsView.swift */ = {isa = PBXFileReference; lastKnownFileType = sourcecode.swift; path = AllItemsView.swift; sourceTree = "<group>"; };
		F7C7789A2C2C8D1E00BABA6E /* ShoppingListView.swift */ = {isa = PBXFileReference; lastKnownFileType = sourcecode.swift; path = ShoppingListView.swift; sourceTree = "<group>"; };
		F7C7789C2C2C8D9500BABA6E /* CheckBoxView.swift */ = {isa = PBXFileReference; lastKnownFileType = sourcecode.swift; path = CheckBoxView.swift; sourceTree = "<group>"; };
		F7C7789E2C2C8F5D00BABA6E /* Models.swift */ = {isa = PBXFileReference; lastKnownFileType = sourcecode.swift; path = Models.swift; sourceTree = "<group>"; };
		F7C778A02C2C8F7800BABA6E /* ImagePicker.swift */ = {isa = PBXFileReference; lastKnownFileType = sourcecode.swift; path = ImagePicker.swift; sourceTree = "<group>"; };
/* End PBXFileReference section */

/* Begin PBXFrameworksBuildPhase section */
		F7C778332C2B8DF500BABA6E /* Frameworks */ = {
			isa = PBXFrameworksBuildPhase;
			buildActionMask = 2147483647;
			files = (
			);
			runOnlyForDeploymentPostprocessing = 0;
		};
		F7C778442C2B8DF700BABA6E /* Frameworks */ = {
			isa = PBXFrameworksBuildPhase;
			buildActionMask = 2147483647;
			files = (
			);
			runOnlyForDeploymentPostprocessing = 0;
		};
		F7C7784E2C2B8DF700BABA6E /* Frameworks */ = {
			isa = PBXFrameworksBuildPhase;
			buildActionMask = 2147483647;
			files = (
			);
			runOnlyForDeploymentPostprocessing = 0;
		};
/* End PBXFrameworksBuildPhase section */

/* Begin PBXGroup section */
		F7C7782D2C2B8DF500BABA6E = {
			isa = PBXGroup;
			children = (
				F7C778382C2B8DF500BABA6E /* Inventory2 */,
				F7C7784A2C2B8DF700BABA6E /* Inventory2Tests */,
				F7C778542C2B8DF700BABA6E /* Inventory2UITests */,
				F7C778372C2B8DF500BABA6E /* Products */,
			);
			sourceTree = "<group>";
		};
		F7C778372C2B8DF500BABA6E /* Products */ = {
			isa = PBXGroup;
			children = (
				F7C778362C2B8DF500BABA6E /* Inventory2.app */,
				F7C778472C2B8DF700BABA6E /* Inventory2Tests.xctest */,
				F7C778512C2B8DF700BABA6E /* Inventory2UITests.xctest */,
			);
			name = Products;
			sourceTree = "<group>";
		};
		F7C778382C2B8DF500BABA6E /* Inventory2 */ = {
			isa = PBXGroup;
			children = (
				F7C778392C2B8DF500BABA6E /* Inventory2App.swift */,
				F7C7783D2C2B8DF700BABA6E /* Assets.xcassets */,
				F7C7783F2C2B8DF700BABA6E /* Inventory2.entitlements */,
				F7C778402C2B8DF700BABA6E /* Preview Content */,
				F7C778842C2C87E700BABA6E /* MainView.swift */,
				F7C778862C2C87FC00BABA6E /* ProfileDetailView.swift */,
				F7C778882C2C881300BABA6E /* CategoryView.swift */,
				F7C7788A2C2C882600BABA6E /* ItemDetailView.swift */,
				F7C7788C2C2C884D00BABA6E /* AddProfileView.swift */,
				F7C7788E2C2C885E00BABA6E /* AddCategoryView.swift */,
				F7C778902C2C887300BABA6E /* AddItemView.swift */,
				F7C778922C2C888700BABA6E /* EditProfileView.swift */,
				F7C778942C2C889C00BABA6E /* EditCategoryView.swift */,
				F7C778962C2C88F400BABA6E /* EditItemView.swift */,
				F7C778982C2C8D0C00BABA6E /* AllItemsView.swift */,
				F7C7789A2C2C8D1E00BABA6E /* ShoppingListView.swift */,
				F7C7789C2C2C8D9500BABA6E /* CheckBoxView.swift */,
				F7C7789E2C2C8F5D00BABA6E /* Models.swift */,
				F7C778A02C2C8F7800BABA6E /* ImagePicker.swift */,
			);
			path = Inventory2;
			sourceTree = "<group>";
		};
		F7C778402C2B8DF700BABA6E /* Preview Content */ = {
			isa = PBXGroup;
			children = (
				F7C778412C2B8DF700BABA6E /* Preview Assets.xcassets */,
			);
			path = "Preview Content";
			sourceTree = "<group>";
		};
		F7C7784A2C2B8DF700BABA6E /* Inventory2Tests */ = {
			isa = PBXGroup;
			children = (
				F7C7784B2C2B8DF700BABA6E /* Inventory2Tests.swift */,
			);
			path = Inventory2Tests;
			sourceTree = "<group>";
		};
		F7C778542C2B8DF700BABA6E /* Inventory2UITests */ = {
			isa = PBXGroup;
			children = (
				F7C778552C2B8DF700BABA6E /* Inventory2UITests.swift */,
				F7C778572C2B8DF700BABA6E /* Inventory2UITestsLaunchTests.swift */,
			);
			path = Inventory2UITests;
			sourceTree = "<group>";
		};
/* End PBXGroup section */

/* Begin PBXNativeTarget section */
		F7C778352C2B8DF500BABA6E /* Inventory2 */ = {
			isa = PBXNativeTarget;
			buildConfigurationList = F7C7785B2C2B8DF700BABA6E /* Build configuration list for PBXNativeTarget "Inventory2" */;
			buildPhases = (
				F7C778322C2B8DF500BABA6E /* Sources */,
				F7C778332C2B8DF500BABA6E /* Frameworks */,
				F7C778342C2B8DF500BABA6E /* Resources */,
			);
			buildRules = (
			);
			dependencies = (
			);
			name = Inventory2;
			productName = Inventory2;
			productReference = F7C778362C2B8DF500BABA6E /* Inventory2.app */;
			productType = "com.apple.product-type.application";
		};
		F7C778462C2B8DF700BABA6E /* Inventory2Tests */ = {
			isa = PBXNativeTarget;
			buildConfigurationList = F7C7785E2C2B8DF700BABA6E /* Build configuration list for PBXNativeTarget "Inventory2Tests" */;
			buildPhases = (
				F7C778432C2B8DF700BABA6E /* Sources */,
				F7C778442C2B8DF700BABA6E /* Frameworks */,
				F7C778452C2B8DF700BABA6E /* Resources */,
			);
			buildRules = (
			);
			dependencies = (
				F7C778492C2B8DF700BABA6E /* PBXTargetDependency */,
			);
			name = Inventory2Tests;
			productName = Inventory2Tests;
			productReference = F7C778472C2B8DF700BABA6E /* Inventory2Tests.xctest */;
			productType = "com.apple.product-type.bundle.unit-test";
		};
		F7C778502C2B8DF700BABA6E /* Inventory2UITests */ = {
			isa = PBXNativeTarget;
			buildConfigurationList = F7C778612C2B8DF700BABA6E /* Build configuration list for PBXNativeTarget "Inventory2UITests" */;
			buildPhases = (
				F7C7784D2C2B8DF700BABA6E /* Sources */,
				F7C7784E2C2B8DF700BABA6E /* Frameworks */,
				F7C7784F2C2B8DF700BABA6E /* Resources */,
			);
			buildRules = (
			);
			dependencies = (
				F7C778532C2B8DF700BABA6E /* PBXTargetDependency */,
			);
			name = Inventory2UITests;
			productName = Inventory2UITests;
			productReference = F7C778512C2B8DF700BABA6E /* Inventory2UITests.xctest */;
			productType = "com.apple.product-type.bundle.ui-testing";
		};
/* End PBXNativeTarget section */

/* Begin PBXProject section */
		F7C7782E2C2B8DF500BABA6E /* Project object */ = {
			isa = PBXProject;
			attributes = {
				BuildIndependentTargetsInParallel = 1;
				LastSwiftUpdateCheck = 1540;
				LastUpgradeCheck = 1540;
				TargetAttributes = {
					F7C778352C2B8DF500BABA6E = {
						CreatedOnToolsVersion = 15.4;
					};
					F7C778462C2B8DF700BABA6E = {
						CreatedOnToolsVersion = 15.4;
						TestTargetID = F7C778352C2B8DF500BABA6E;
					};
					F7C778502C2B8DF700BABA6E = {
						CreatedOnToolsVersion = 15.4;
						TestTargetID = F7C778352C2B8DF500BABA6E;
					};
				};
			};
			buildConfigurationList = F7C778312C2B8DF500BABA6E /* Build configuration list for PBXProject "Inventory2" */;
			compatibilityVersion = "Xcode 14.0";
			developmentRegion = en;
			hasScannedForEncodings = 0;
			knownRegions = (
				en,
				Base,
			);
			mainGroup = F7C7782D2C2B8DF500BABA6E;
			productRefGroup = F7C778372C2B8DF500BABA6E /* Products */;
			projectDirPath = "";
			projectRoot = "";
			targets = (
				F7C778352C2B8DF500BABA6E /* Inventory2 */,
				F7C778462C2B8DF700BABA6E /* Inventory2Tests */,
				F7C778502C2B8DF700BABA6E /* Inventory2UITests */,
			);
		};
/* End PBXProject section */

/* Begin PBXResourcesBuildPhase section */
		F7C778342C2B8DF500BABA6E /* Resources */ = {
			isa = PBXResourcesBuildPhase;
			buildActionMask = 2147483647;
			files = (
				F7C778422C2B8DF700BABA6E /* Preview Assets.xcassets in Resources */,
				F7C7783E2C2B8DF700BABA6E /* Assets.xcassets in Resources */,
			);
			runOnlyForDeploymentPostprocessing = 0;
		};
		F7C778452C2B8DF700BABA6E /* Resources */ = {
			isa = PBXResourcesBuildPhase;
			buildActionMask = 2147483647;
			files = (
			);
			runOnlyForDeploymentPostprocessing = 0;
		};
		F7C7784F2C2B8DF700BABA6E /* Resources */ = {
			isa = PBXResourcesBuildPhase;
			buildActionMask = 2147483647;
			files = (
			);
			runOnlyForDeploymentPostprocessing = 0;
		};
/* End PBXResourcesBuildPhase section */

/* Begin PBXSourcesBuildPhase section */
		F7C778322C2B8DF500BABA6E /* Sources */ = {
			isa = PBXSourcesBuildPhase;
			buildActionMask = 2147483647;
			files = (
				F7C778932C2C888700BABA6E /* EditProfileView.swift in Sources */,
				F7C7788F2C2C885E00BABA6E /* AddCategoryView.swift in Sources */,
				F7C7788B2C2C882600BABA6E /* ItemDetailView.swift in Sources */,
				F7C7783A2C2B8DF500BABA6E /* Inventory2App.swift in Sources */,
				F7C7788D2C2C884D00BABA6E /* AddProfileView.swift in Sources */,
				F7C778852C2C87E700BABA6E /* MainView.swift in Sources */,
				F7C778972C2C88F400BABA6E /* EditItemView.swift in Sources */,
				F7C7789D2C2C8D9500BABA6E /* CheckBoxView.swift in Sources */,
				F7C778992C2C8D0C00BABA6E /* AllItemsView.swift in Sources */,
				F7C7789F2C2C8F5D00BABA6E /* Models.swift in Sources */,
				F7C7789B2C2C8D1E00BABA6E /* ShoppingListView.swift in Sources */,
				F7C778952C2C889C00BABA6E /* EditCategoryView.swift in Sources */,
				F7C778892C2C881300BABA6E /* CategoryView.swift in Sources */,
				F7C778A12C2C8F7800BABA6E /* ImagePicker.swift in Sources */,
				F7C778872C2C87FC00BABA6E /* ProfileDetailView.swift in Sources */,
				F7C778912C2C887300BABA6E /* AddItemView.swift in Sources */,
			);
			runOnlyForDeploymentPostprocessing = 0;
		};
		F7C778432C2B8DF700BABA6E /* Sources */ = {
			isa = PBXSourcesBuildPhase;
			buildActionMask = 2147483647;
			files = (
				F7C7784C2C2B8DF700BABA6E /* Inventory2Tests.swift in Sources */,
			);
			runOnlyForDeploymentPostprocessing = 0;
		};
		F7C7784D2C2B8DF700BABA6E /* Sources */ = {
			isa = PBXSourcesBuildPhase;
			buildActionMask = 2147483647;
			files = (
				F7C778582C2B8DF700BABA6E /* Inventory2UITestsLaunchTests.swift in Sources */,
				F7C778562C2B8DF700BABA6E /* Inventory2UITests.swift in Sources */,
			);
			runOnlyForDeploymentPostprocessing = 0;
		};
/* End PBXSourcesBuildPhase section */

/* Begin PBXTargetDependency section */
		F7C778492C2B8DF700BABA6E /* PBXTargetDependency */ = {
			isa = PBXTargetDependency;
			target = F7C778352C2B8DF500BABA6E /* Inventory2 */;
			targetProxy = F7C778482C2B8DF700BABA6E /* PBXContainerItemProxy */;
		};
		F7C778532C2B8DF700BABA6E /* PBXTargetDependency */ = {
			isa = PBXTargetDependency;
			target = F7C778352C2B8DF500BABA6E /* Inventory2 */;
			targetProxy = F7C778522C2B8DF700BABA6E /* PBXContainerItemProxy */;
		};
/* End PBXTargetDependency section */

/* Begin XCBuildConfiguration section */
		F7C778592C2B8DF700BABA6E /* Debug */ = {
			isa = XCBuildConfiguration;
			buildSettings = {
				ALWAYS_SEARCH_USER_PATHS = NO;
				ASSETCATALOG_COMPILER_GENERATE_SWIFT_ASSET_SYMBOL_EXTENSIONS = YES;
				CLANG_ANALYZER_NONNULL = YES;
				CLANG_ANALYZER_NUMBER_OBJECT_CONVERSION = YES_AGGRESSIVE;
				CLANG_CXX_LANGUAGE_STANDARD = "gnu++20";
				CLANG_ENABLE_MODULES = YES;
				CLANG_ENABLE_OBJC_ARC = YES;
				CLANG_ENABLE_OBJC_WEAK = YES;
				CLANG_WARN_BLOCK_CAPTURE_AUTORELEASING = YES;
				CLANG_WARN_BOOL_CONVERSION = YES;
				CLANG_WARN_COMMA = YES;
				CLANG_WARN_CONSTANT_CONVERSION = YES;
				CLANG_WARN_DEPRECATED_OBJC_IMPLEMENTATIONS = YES;
				CLANG_WARN_DIRECT_OBJC_ISA_USAGE = YES_ERROR;
				CLANG_WARN_DOCUMENTATION_COMMENTS = YES;
				CLANG_WARN_EMPTY_BODY = YES;
				CLANG_WARN_ENUM_CONVERSION = YES;
				CLANG_WARN_INFINITE_RECURSION = YES;
				CLANG_WARN_INT_CONVERSION = YES;
				CLANG_WARN_NON_LITERAL_NULL_CONVERSION = YES;
				CLANG_WARN_OBJC_IMPLICIT_RETAIN_SELF = YES;
				CLANG_WARN_OBJC_LITERAL_CONVERSION = YES;
				CLANG_WARN_OBJC_ROOT_CLASS = YES_ERROR;
				CLANG_WARN_QUOTED_INCLUDE_IN_FRAMEWORK_HEADER = YES;
				CLANG_WARN_RANGE_LOOP_ANALYSIS = YES;
				CLANG_WARN_STRICT_PROTOTYPES = YES;
				CLANG_WARN_SUSPICIOUS_MOVE = YES;
				CLANG_WARN_UNGUARDED_AVAILABILITY = YES_AGGRESSIVE;
				CLANG_WARN_UNREACHABLE_CODE = YES;
				CLANG_WARN__DUPLICATE_METHOD_MATCH = YES;
				COPY_PHASE_STRIP = NO;
				DEBUG_INFORMATION_FORMAT = dwarf;
				ENABLE_STRICT_OBJC_MSGSEND = YES;
				ENABLE_TESTABILITY = YES;
				ENABLE_USER_SCRIPT_SANDBOXING = YES;
				GCC_C_LANGUAGE_STANDARD = gnu17;
				GCC_DYNAMIC_NO_PIC = NO;
				GCC_NO_COMMON_BLOCKS = YES;
				GCC_OPTIMIZATION_LEVEL = 0;
				GCC_PREPROCESSOR_DEFINITIONS = (
					"DEBUG=1",
					"$(inherited)",
				);
				GCC_WARN_64_TO_32_BIT_CONVERSION = YES;
				GCC_WARN_ABOUT_RETURN_TYPE = YES_ERROR;
				GCC_WARN_UNDECLARED_SELECTOR = YES;
				GCC_WARN_UNINITIALIZED_AUTOS = YES_AGGRESSIVE;
				GCC_WARN_UNUSED_FUNCTION = YES;
				GCC_WARN_UNUSED_VARIABLE = YES;
				LOCALIZATION_PREFERS_STRING_CATALOGS = YES;
				MTL_ENABLE_DEBUG_INFO = INCLUDE_SOURCE;
				MTL_FAST_MATH = YES;
				ONLY_ACTIVE_ARCH = YES;
				SWIFT_ACTIVE_COMPILATION_CONDITIONS = "DEBUG $(inherited)";
				SWIFT_OPTIMIZATION_LEVEL = "-Onone";
			};
			name = Debug;
		};
		F7C7785A2C2B8DF700BABA6E /* Release */ = {
			isa = XCBuildConfiguration;
			buildSettings = {
				ALWAYS_SEARCH_USER_PATHS = NO;
				ASSETCATALOG_COMPILER_GENERATE_SWIFT_ASSET_SYMBOL_EXTENSIONS = YES;
				CLANG_ANALYZER_NONNULL = YES;
				CLANG_ANALYZER_NUMBER_OBJECT_CONVERSION = YES_AGGRESSIVE;
				CLANG_CXX_LANGUAGE_STANDARD = "gnu++20";
				CLANG_ENABLE_MODULES = YES;
				CLANG_ENABLE_OBJC_ARC = YES;
				CLANG_ENABLE_OBJC_WEAK = YES;
				CLANG_WARN_BLOCK_CAPTURE_AUTORELEASING = YES;
				CLANG_WARN_BOOL_CONVERSION = YES;
				CLANG_WARN_COMMA = YES;
				CLANG_WARN_CONSTANT_CONVERSION = YES;
				CLANG_WARN_DEPRECATED_OBJC_IMPLEMENTATIONS = YES;
				CLANG_WARN_DIRECT_OBJC_ISA_USAGE = YES_ERROR;
				CLANG_WARN_DOCUMENTATION_COMMENTS = YES;
				CLANG_WARN_EMPTY_BODY = YES;
				CLANG_WARN_ENUM_CONVERSION = YES;
				CLANG_WARN_INFINITE_RECURSION = YES;
				CLANG_WARN_INT_CONVERSION = YES;
				CLANG_WARN_NON_LITERAL_NULL_CONVERSION = YES;
				CLANG_WARN_OBJC_IMPLICIT_RETAIN_SELF = YES;
				CLANG_WARN_OBJC_LITERAL_CONVERSION = YES;
				CLANG_WARN_OBJC_ROOT_CLASS = YES_ERROR;
				CLANG_WARN_QUOTED_INCLUDE_IN_FRAMEWORK_HEADER = YES;
				CLANG_WARN_RANGE_LOOP_ANALYSIS = YES;
				CLANG_WARN_STRICT_PROTOTYPES = YES;
				CLANG_WARN_SUSPICIOUS_MOVE = YES;
				CLANG_WARN_UNGUARDED_AVAILABILITY = YES_AGGRESSIVE;
				CLANG_WARN_UNREACHABLE_CODE = YES;
				CLANG_WARN__DUPLICATE_METHOD_MATCH = YES;
				COPY_PHASE_STRIP = NO;
				DEBUG_INFORMATION_FORMAT = "dwarf-with-dsym";
				ENABLE_NS_ASSERTIONS = NO;
				ENABLE_STRICT_OBJC_MSGSEND = YES;
				ENABLE_USER_SCRIPT_SANDBOXING = YES;
				GCC_C_LANGUAGE_STANDARD = gnu17;
				GCC_NO_COMMON_BLOCKS = YES;
				GCC_WARN_64_TO_32_BIT_CONVERSION = YES;
				GCC_WARN_ABOUT_RETURN_TYPE = YES_ERROR;
				GCC_WARN_UNDECLARED_SELECTOR = YES;
				GCC_WARN_UNINITIALIZED_AUTOS = YES_AGGRESSIVE;
				GCC_WARN_UNUSED_FUNCTION = YES;
				GCC_WARN_UNUSED_VARIABLE = YES;
				LOCALIZATION_PREFERS_STRING_CATALOGS = YES;
				MTL_ENABLE_DEBUG_INFO = NO;
				MTL_FAST_MATH = YES;
				SWIFT_COMPILATION_MODE = wholemodule;
			};
			name = Release;
		};
		F7C7785C2C2B8DF700BABA6E /* Debug */ = {
			isa = XCBuildConfiguration;
			buildSettings = {
				ASSETCATALOG_COMPILER_APPICON_NAME = AppIcon;
				ASSETCATALOG_COMPILER_GLOBAL_ACCENT_COLOR_NAME = AccentColor;
				CODE_SIGN_ENTITLEMENTS = Inventory2/Inventory2.entitlements;
				CODE_SIGN_STYLE = Automatic;
				CURRENT_PROJECT_VERSION = 1;
				DEVELOPMENT_ASSET_PATHS = "\"Inventory2/Preview Content\"";
				DEVELOPMENT_TEAM = 5S9B588UAZ;
				ENABLE_HARDENED_RUNTIME = YES;
				ENABLE_PREVIEWS = YES;
				GENERATE_INFOPLIST_FILE = YES;
				"INFOPLIST_KEY_UIApplicationSceneManifest_Generation[sdk=iphoneos*]" = YES;
				"INFOPLIST_KEY_UIApplicationSceneManifest_Generation[sdk=iphonesimulator*]" = YES;
				"INFOPLIST_KEY_UIApplicationSupportsIndirectInputEvents[sdk=iphoneos*]" = YES;
				"INFOPLIST_KEY_UIApplicationSupportsIndirectInputEvents[sdk=iphonesimulator*]" = YES;
				"INFOPLIST_KEY_UILaunchScreen_Generation[sdk=iphoneos*]" = YES;
				"INFOPLIST_KEY_UILaunchScreen_Generation[sdk=iphonesimulator*]" = YES;
				"INFOPLIST_KEY_UIStatusBarStyle[sdk=iphoneos*]" = UIStatusBarStyleDefault;
				"INFOPLIST_KEY_UIStatusBarStyle[sdk=iphonesimulator*]" = UIStatusBarStyleDefault;
				INFOPLIST_KEY_UISupportedInterfaceOrientations_iPad = "UIInterfaceOrientationPortrait UIInterfaceOrientationPortraitUpsideDown UIInterfaceOrientationLandscapeLeft UIInterfaceOrientationLandscapeRight";
				INFOPLIST_KEY_UISupportedInterfaceOrientations_iPhone = "UIInterfaceOrientationPortrait UIInterfaceOrientationLandscapeLeft UIInterfaceOrientationLandscapeRight";
				IPHONEOS_DEPLOYMENT_TARGET = 17.5;
				LD_RUNPATH_SEARCH_PATHS = "@executable_path/Frameworks";
				"LD_RUNPATH_SEARCH_PATHS[sdk=macosx*]" = "@executable_path/../Frameworks";
				MACOSX_DEPLOYMENT_TARGET = 14.5;
				MARKETING_VERSION = 1.0;
				PRODUCT_BUNDLE_IDENTIFIER = tanuki.Inventory2;
				PRODUCT_NAME = "$(TARGET_NAME)";
				SDKROOT = auto;
				SUPPORTED_PLATFORMS = "iphoneos iphonesimulator macosx";
				SWIFT_EMIT_LOC_STRINGS = YES;
				SWIFT_VERSION = 5.0;
				TARGETED_DEVICE_FAMILY = "1,2";
			};
			name = Debug;
		};
		F7C7785D2C2B8DF700BABA6E /* Release */ = {
			isa = XCBuildConfiguration;
			buildSettings = {
				ASSETCATALOG_COMPILER_APPICON_NAME = AppIcon;
				ASSETCATALOG_COMPILER_GLOBAL_ACCENT_COLOR_NAME = AccentColor;
				CODE_SIGN_ENTITLEMENTS = Inventory2/Inventory2.entitlements;
				CODE_SIGN_STYLE = Automatic;
				CURRENT_PROJECT_VERSION = 1;
				DEVELOPMENT_ASSET_PATHS = "\"Inventory2/Preview Content\"";
				DEVELOPMENT_TEAM = 5S9B588UAZ;
				ENABLE_HARDENED_RUNTIME = YES;
				ENABLE_PREVIEWS = YES;
				GENERATE_INFOPLIST_FILE = YES;
				"INFOPLIST_KEY_UIApplicationSceneManifest_Generation[sdk=iphoneos*]" = YES;
				"INFOPLIST_KEY_UIApplicationSceneManifest_Generation[sdk=iphonesimulator*]" = YES;
				"INFOPLIST_KEY_UIApplicationSupportsIndirectInputEvents[sdk=iphoneos*]" = YES;
				"INFOPLIST_KEY_UIApplicationSupportsIndirectInputEvents[sdk=iphonesimulator*]" = YES;
				"INFOPLIST_KEY_UILaunchScreen_Generation[sdk=iphoneos*]" = YES;
				"INFOPLIST_KEY_UILaunchScreen_Generation[sdk=iphonesimulator*]" = YES;
				"INFOPLIST_KEY_UIStatusBarStyle[sdk=iphoneos*]" = UIStatusBarStyleDefault;
				"INFOPLIST_KEY_UIStatusBarStyle[sdk=iphonesimulator*]" = UIStatusBarStyleDefault;
				INFOPLIST_KEY_UISupportedInterfaceOrientations_iPad = "UIInterfaceOrientationPortrait UIInterfaceOrientationPortraitUpsideDown UIInterfaceOrientationLandscapeLeft UIInterfaceOrientationLandscapeRight";
				INFOPLIST_KEY_UISupportedInterfaceOrientations_iPhone = "UIInterfaceOrientationPortrait UIInterfaceOrientationLandscapeLeft UIInterfaceOrientationLandscapeRight";
				IPHONEOS_DEPLOYMENT_TARGET = 17.5;
				LD_RUNPATH_SEARCH_PATHS = "@executable_path/Frameworks";
				"LD_RUNPATH_SEARCH_PATHS[sdk=macosx*]" = "@executable_path/../Frameworks";
				MACOSX_DEPLOYMENT_TARGET = 14.5;
				MARKETING_VERSION = 1.0;
				PRODUCT_BUNDLE_IDENTIFIER = tanuki.Inventory2;
				PRODUCT_NAME = "$(TARGET_NAME)";
				SDKROOT = auto;
				SUPPORTED_PLATFORMS = "iphoneos iphonesimulator macosx";
				SWIFT_EMIT_LOC_STRINGS = YES;
				SWIFT_VERSION = 5.0;
				TARGETED_DEVICE_FAMILY = "1,2";
			};
			name = Release;
		};
		F7C7785F2C2B8DF700BABA6E /* Debug */ = {
			isa = XCBuildConfiguration;
			buildSettings = {
				ALWAYS_EMBED_SWIFT_STANDARD_LIBRARIES = YES;
				BUNDLE_LOADER = "$(TEST_HOST)";
				CODE_SIGN_STYLE = Automatic;
				CURRENT_PROJECT_VERSION = 1;
				DEVELOPMENT_TEAM = 5S9B588UAZ;
				GENERATE_INFOPLIST_FILE = YES;
				IPHONEOS_DEPLOYMENT_TARGET = 17.5;
				MACOSX_DEPLOYMENT_TARGET = 14.5;
				MARKETING_VERSION = 1.0;
				PRODUCT_BUNDLE_IDENTIFIER = tanuki.Inventory2Tests;
				PRODUCT_NAME = "$(TARGET_NAME)";
				SDKROOT = auto;
				SUPPORTED_PLATFORMS = "iphoneos iphonesimulator macosx";
				SWIFT_EMIT_LOC_STRINGS = NO;
				SWIFT_VERSION = 5.0;
				TARGETED_DEVICE_FAMILY = "1,2";
				TEST_HOST = "$(BUILT_PRODUCTS_DIR)/Inventory2.app/$(BUNDLE_EXECUTABLE_FOLDER_PATH)/Inventory2";
			};
			name = Debug;
		};
		F7C778602C2B8DF700BABA6E /* Release */ = {
			isa = XCBuildConfiguration;
			buildSettings = {
				ALWAYS_EMBED_SWIFT_STANDARD_LIBRARIES = YES;
				BUNDLE_LOADER = "$(TEST_HOST)";
				CODE_SIGN_STYLE = Automatic;
				CURRENT_PROJECT_VERSION = 1;
				DEVELOPMENT_TEAM = 5S9B588UAZ;
				GENERATE_INFOPLIST_FILE = YES;
				IPHONEOS_DEPLOYMENT_TARGET = 17.5;
				MACOSX_DEPLOYMENT_TARGET = 14.5;
				MARKETING_VERSION = 1.0;
				PRODUCT_BUNDLE_IDENTIFIER = tanuki.Inventory2Tests;
				PRODUCT_NAME = "$(TARGET_NAME)";
				SDKROOT = auto;
				SUPPORTED_PLATFORMS = "iphoneos iphonesimulator macosx";
				SWIFT_EMIT_LOC_STRINGS = NO;
				SWIFT_VERSION = 5.0;
				TARGETED_DEVICE_FAMILY = "1,2";
				TEST_HOST = "$(BUILT_PRODUCTS_DIR)/Inventory2.app/$(BUNDLE_EXECUTABLE_FOLDER_PATH)/Inventory2";
			};
			name = Release;
		};
		F7C778622C2B8DF700BABA6E /* Debug */ = {
			isa = XCBuildConfiguration;
			buildSettings = {
				ALWAYS_EMBED_SWIFT_STANDARD_LIBRARIES = YES;
				CODE_SIGN_STYLE = Automatic;
				CURRENT_PROJECT_VERSION = 1;
				DEVELOPMENT_TEAM = 5S9B588UAZ;
				GENERATE_INFOPLIST_FILE = YES;
				IPHONEOS_DEPLOYMENT_TARGET = 17.5;
				MACOSX_DEPLOYMENT_TARGET = 14.5;
				MARKETING_VERSION = 1.0;
				PRODUCT_BUNDLE_IDENTIFIER = tanuki.Inventory2UITests;
				PRODUCT_NAME = "$(TARGET_NAME)";
				SDKROOT = auto;
				SUPPORTED_PLATFORMS = "iphoneos iphonesimulator macosx";
				SWIFT_EMIT_LOC_STRINGS = NO;
				SWIFT_VERSION = 5.0;
				TARGETED_DEVICE_FAMILY = "1,2";
				TEST_TARGET_NAME = Inventory2;
			};
			name = Debug;
		};
		F7C778632C2B8DF700BABA6E /* Release */ = {
			isa = XCBuildConfiguration;
			buildSettings = {
				ALWAYS_EMBED_SWIFT_STANDARD_LIBRARIES = YES;
				CODE_SIGN_STYLE = Automatic;
				CURRENT_PROJECT_VERSION = 1;
				DEVELOPMENT_TEAM = 5S9B588UAZ;
				GENERATE_INFOPLIST_FILE = YES;
				IPHONEOS_DEPLOYMENT_TARGET = 17.5;
				MACOSX_DEPLOYMENT_TARGET = 14.5;
				MARKETING_VERSION = 1.0;
				PRODUCT_BUNDLE_IDENTIFIER = tanuki.Inventory2UITests;
				PRODUCT_NAME = "$(TARGET_NAME)";
				SDKROOT = auto;
				SUPPORTED_PLATFORMS = "iphoneos iphonesimulator macosx";
				SWIFT_EMIT_LOC_STRINGS = NO;
				SWIFT_VERSION = 5.0;
				TARGETED_DEVICE_FAMILY = "1,2";
				TEST_TARGET_NAME = Inventory2;
			};
			name = Release;
		};
/* End XCBuildConfiguration section */

/* Begin XCConfigurationList section */
		F7C778312C2B8DF500BABA6E /* Build configuration list for PBXProject "Inventory2" */ = {
			isa = XCConfigurationList;
			buildConfigurations = (
				F7C778592C2B8DF700BABA6E /* Debug */,
				F7C7785A2C2B8DF700BABA6E /* Release */,
			);
			defaultConfigurationIsVisible = 0;
			defaultConfigurationName = Release;
		};
		F7C7785B2C2B8DF700BABA6E /* Build configuration list for PBXNativeTarget "Inventory2" */ = {
			isa = XCConfigurationList;
			buildConfigurations = (
				F7C7785C2C2B8DF700BABA6E /* Debug */,
				F7C7785D2C2B8DF700BABA6E /* Release */,
			);
			defaultConfigurationIsVisible = 0;
			defaultConfigurationName = Release;
		};
		F7C7785E2C2B8DF700BABA6E /* Build configuration list for PBXNativeTarget "Inventory2Tests" */ = {
			isa = XCConfigurationList;
			buildConfigurations = (
				F7C7785F2C2B8DF700BABA6E /* Debug */,
				F7C778602C2B8DF700BABA6E /* Release */,
			);
			defaultConfigurationIsVisible = 0;
			defaultConfigurationName = Release;
		};
		F7C778612C2B8DF700BABA6E /* Build configuration list for PBXNativeTarget "Inventory2UITests" */ = {
			isa = XCConfigurationList;
			buildConfigurations = (
				F7C778622C2B8DF700BABA6E /* Debug */,
				F7C778632C2B8DF700BABA6E /* Release */,
			);
			defaultConfigurationIsVisible = 0;
			defaultConfigurationName = Release;
		};
/* End XCConfigurationList section */
	};
	rootObject = F7C7782E2C2B8DF500BABA6E /* Project object */;
}
